// !$*UTF8*$!
{
	archiveVersion = 1;
	classes = {
	};
	objectVersion = 56;
	objects = {

/* Begin PBXBuildFile section */
		4F20111C28ED7AFA008ACE52 /* BannerCollectionViewController.swift in Sources */ = {isa = PBXBuildFile; fileRef = 4F20111B28ED7AFA008ACE52 /* BannerCollectionViewController.swift */; };
		4F20112128ED8868008ACE52 /* UIColor+Extension.swift in Sources */ = {isa = PBXBuildFile; fileRef = 4F20112028ED8868008ACE52 /* UIColor+Extension.swift */; };
		4F20112428ED88D9008ACE52 /* Color.swift in Sources */ = {isa = PBXBuildFile; fileRef = 4F20112328ED88D9008ACE52 /* Color.swift */; };
		4F20112628ED8C82008ACE52 /* LayoutType.swift in Sources */ = {isa = PBXBuildFile; fileRef = 4F20112528ED8C82008ACE52 /* LayoutType.swift */; };
		4F7D297A28EC654D000F2816 /* AppDelegate.swift in Sources */ = {isa = PBXBuildFile; fileRef = 4F7D297928EC654D000F2816 /* AppDelegate.swift */; };
		4F7D297C28EC654D000F2816 /* SceneDelegate.swift in Sources */ = {isa = PBXBuildFile; fileRef = 4F7D297B28EC654D000F2816 /* SceneDelegate.swift */; };
		4F7D297E28EC654D000F2816 /* ViewController.swift in Sources */ = {isa = PBXBuildFile; fileRef = 4F7D297D28EC654D000F2816 /* ViewController.swift */; };
		4F7D298128EC654D000F2816 /* Main.storyboard in Resources */ = {isa = PBXBuildFile; fileRef = 4F7D297F28EC654D000F2816 /* Main.storyboard */; };
		4F7D298328EC6550000F2816 /* Assets.xcassets in Resources */ = {isa = PBXBuildFile; fileRef = 4F7D298228EC6550000F2816 /* Assets.xcassets */; };
		4F7D298628EC6550000F2816 /* LaunchScreen.storyboard in Resources */ = {isa = PBXBuildFile; fileRef = 4F7D298428EC6550000F2816 /* LaunchScreen.storyboard */; };
		4FFCE1B828EE668B002166E4 /* LayoutTypeCell.swift in Sources */ = {isa = PBXBuildFile; fileRef = 4FFCE1B728EE668B002166E4 /* LayoutTypeCell.swift */; };
		4FFCE1BC28EE6C61002166E4 /* UICollectionReusableView+Extension.swift in Sources */ = {isa = PBXBuildFile; fileRef = 4FFCE1BB28EE6C61002166E4 /* UICollectionReusableView+Extension.swift */; };
		4FFCE1BE28EE854F002166E4 /* PagingSectionFooterView.swift in Sources */ = {isa = PBXBuildFile; fileRef = 4FFCE1BD28EE854F002166E4 /* PagingSectionFooterView.swift */; };
/* End PBXBuildFile section */

/* Begin PBXFileReference section */
		4F20111B28ED7AFA008ACE52 /* BannerCollectionViewController.swift */ = {isa = PBXFileReference; lastKnownFileType = sourcecode.swift; path = BannerCollectionViewController.swift; sourceTree = "<group>"; };
		4F20112028ED8868008ACE52 /* UIColor+Extension.swift */ = {isa = PBXFileReference; lastKnownFileType = sourcecode.swift; path = "UIColor+Extension.swift"; sourceTree = "<group>"; };
		4F20112328ED88D9008ACE52 /* Color.swift */ = {isa = PBXFileReference; lastKnownFileType = sourcecode.swift; path = Color.swift; sourceTree = "<group>"; };
		4F20112528ED8C82008ACE52 /* LayoutType.swift */ = {isa = PBXFileReference; lastKnownFileType = sourcecode.swift; path = LayoutType.swift; sourceTree = "<group>"; };
		4F7D297628EC654D000F2816 /* DiffableDataSource Demo.app */ = {isa = PBXFileReference; explicitFileType = wrapper.application; includeInIndex = 0; path = "DiffableDataSource Demo.app"; sourceTree = BUILT_PRODUCTS_DIR; };
		4F7D297928EC654D000F2816 /* AppDelegate.swift */ = {isa = PBXFileReference; lastKnownFileType = sourcecode.swift; path = AppDelegate.swift; sourceTree = "<group>"; };
		4F7D297B28EC654D000F2816 /* SceneDelegate.swift */ = {isa = PBXFileReference; lastKnownFileType = sourcecode.swift; path = SceneDelegate.swift; sourceTree = "<group>"; };
		4F7D297D28EC654D000F2816 /* ViewController.swift */ = {isa = PBXFileReference; lastKnownFileType = sourcecode.swift; path = ViewController.swift; sourceTree = "<group>"; };
		4F7D298028EC654D000F2816 /* Base */ = {isa = PBXFileReference; lastKnownFileType = file.storyboard; name = Base; path = Base.lproj/Main.storyboard; sourceTree = "<group>"; };
		4F7D298228EC6550000F2816 /* Assets.xcassets */ = {isa = PBXFileReference; lastKnownFileType = folder.assetcatalog; path = Assets.xcassets; sourceTree = "<group>"; };
		4F7D298528EC6550000F2816 /* Base */ = {isa = PBXFileReference; lastKnownFileType = file.storyboard; name = Base; path = Base.lproj/LaunchScreen.storyboard; sourceTree = "<group>"; };
		4F7D298728EC6550000F2816 /* Info.plist */ = {isa = PBXFileReference; lastKnownFileType = text.plist.xml; path = Info.plist; sourceTree = "<group>"; };
		4FFCE1B728EE668B002166E4 /* LayoutTypeCell.swift */ = {isa = PBXFileReference; lastKnownFileType = sourcecode.swift; path = LayoutTypeCell.swift; sourceTree = "<group>"; };
		4FFCE1BB28EE6C61002166E4 /* UICollectionReusableView+Extension.swift */ = {isa = PBXFileReference; lastKnownFileType = sourcecode.swift; path = "UICollectionReusableView+Extension.swift"; sourceTree = "<group>"; };
		4FFCE1BD28EE854F002166E4 /* PagingSectionFooterView.swift */ = {isa = PBXFileReference; lastKnownFileType = sourcecode.swift; path = PagingSectionFooterView.swift; sourceTree = "<group>"; };
/* End PBXFileReference section */

/* Begin PBXFrameworksBuildPhase section */
		4F7D297328EC654D000F2816 /* Frameworks */ = {
			isa = PBXFrameworksBuildPhase;
			buildActionMask = 2147483647;
			files = (
			);
			runOnlyForDeploymentPostprocessing = 0;
		};
/* End PBXFrameworksBuildPhase section */

/* Begin PBXGroup section */
		4F20111A28ED7A14008ACE52 /* CollectionView */ = {
			isa = PBXGroup;
			children = (
				4F20111B28ED7AFA008ACE52 /* BannerCollectionViewController.swift */,
				4FFCE1B728EE668B002166E4 /* LayoutTypeCell.swift */,
				4FFCE1BD28EE854F002166E4 /* PagingSectionFooterView.swift */,
			);
			path = CollectionView;
			sourceTree = "<group>";
		};
		4F20111D28ED87EE008ACE52 /* Extension */ = {
			isa = PBXGroup;
			children = (
				4F20112028ED8868008ACE52 /* UIColor+Extension.swift */,
				4FFCE1BB28EE6C61002166E4 /* UICollectionReusableView+Extension.swift */,
			);
			path = Extension;
			sourceTree = "<group>";
		};
		4F20112228ED88CD008ACE52 /* Model */ = {
			isa = PBXGroup;
			children = (
				4F20112328ED88D9008ACE52 /* Color.swift */,
				4F20112528ED8C82008ACE52 /* LayoutType.swift */,
			);
			path = Model;
			sourceTree = "<group>";
		};
		4F7D296D28EC654D000F2816 = {
			isa = PBXGroup;
			children = (
				4F7D297828EC654D000F2816 /* DiffableDataSource Demo */,
				4F7D297728EC654D000F2816 /* Products */,
			);
			sourceTree = "<group>";
		};
		4F7D297728EC654D000F2816 /* Products */ = {
			isa = PBXGroup;
			children = (
				4F7D297628EC654D000F2816 /* DiffableDataSource Demo.app */,
			);
			name = Products;
			sourceTree = "<group>";
		};
		4F7D297828EC654D000F2816 /* DiffableDataSource Demo */ = {
			isa = PBXGroup;
			children = (
				4F20112228ED88CD008ACE52 /* Model */,
				4F20111D28ED87EE008ACE52 /* Extension */,
				4F20111A28ED7A14008ACE52 /* CollectionView */,
				4F7D297928EC654D000F2816 /* AppDelegate.swift */,
				4F7D297B28EC654D000F2816 /* SceneDelegate.swift */,
				4F7D297D28EC654D000F2816 /* ViewController.swift */,
				4F7D297F28EC654D000F2816 /* Main.storyboard */,
				4F7D298228EC6550000F2816 /* Assets.xcassets */,
				4F7D298428EC6550000F2816 /* LaunchScreen.storyboard */,
				4F7D298728EC6550000F2816 /* Info.plist */,
			);
			path = "DiffableDataSource Demo";
			sourceTree = "<group>";
		};
/* End PBXGroup section */

/* Begin PBXNativeTarget section */
		4F7D297528EC654D000F2816 /* DiffableDataSource Demo */ = {
			isa = PBXNativeTarget;
			buildConfigurationList = 4F7D298A28EC6550000F2816 /* Build configuration list for PBXNativeTarget "DiffableDataSource Demo" */;
			buildPhases = (
				4F7D297228EC654D000F2816 /* Sources */,
				4F7D297328EC654D000F2816 /* Frameworks */,
				4F7D297428EC654D000F2816 /* Resources */,
			);
			buildRules = (
			);
			dependencies = (
			);
			name = "DiffableDataSource Demo";
			productName = "DiffableDataSource Demo";
			productReference = 4F7D297628EC654D000F2816 /* DiffableDataSource Demo.app */;
			productType = "com.apple.product-type.application";
		};
/* End PBXNativeTarget section */

/* Begin PBXProject section */
		4F7D296E28EC654D000F2816 /* Project object */ = {
			isa = PBXProject;
			attributes = {
				BuildIndependentTargetsInParallel = 1;
				LastSwiftUpdateCheck = 1400;
				LastUpgradeCheck = 1400;
				TargetAttributes = {
					4F7D297528EC654D000F2816 = {
						CreatedOnToolsVersion = 14.0;
					};
				};
			};
			buildConfigurationList = 4F7D297128EC654D000F2816 /* Build configuration list for PBXProject "DiffableDataSource Demo" */;
			compatibilityVersion = "Xcode 14.0";
			developmentRegion = en;
			hasScannedForEncodings = 0;
			knownRegions = (
				en,
				Base,
			);
			mainGroup = 4F7D296D28EC654D000F2816;
			productRefGroup = 4F7D297728EC654D000F2816 /* Products */;
			projectDirPath = "";
			projectRoot = "";
			targets = (
				4F7D297528EC654D000F2816 /* DiffableDataSource Demo */,
			);
		};
/* End PBXProject section */

/* Begin PBXResourcesBuildPhase section */
		4F7D297428EC654D000F2816 /* Resources */ = {
			isa = PBXResourcesBuildPhase;
			buildActionMask = 2147483647;
			files = (
				4F7D298628EC6550000F2816 /* LaunchScreen.storyboard in Resources */,
				4F7D298328EC6550000F2816 /* Assets.xcassets in Resources */,
				4F7D298128EC654D000F2816 /* Main.storyboard in Resources */,
			);
			runOnlyForDeploymentPostprocessing = 0;
		};
/* End PBXResourcesBuildPhase section */

/* Begin PBXSourcesBuildPhase section */
		4F7D297228EC654D000F2816 /* Sources */ = {
			isa = PBXSourcesBuildPhase;
			buildActionMask = 2147483647;
			files = (
				4F20112628ED8C82008ACE52 /* LayoutType.swift in Sources */,
				4F20111C28ED7AFA008ACE52 /* BannerCollectionViewController.swift in Sources */,
				4F7D297E28EC654D000F2816 /* ViewController.swift in Sources */,
				4F7D297A28EC654D000F2816 /* AppDelegate.swift in Sources */,
				4F20112128ED8868008ACE52 /* UIColor+Extension.swift in Sources */,
				4F7D297C28EC654D000F2816 /* SceneDelegate.swift in Sources */,
				4FFCE1BC28EE6C61002166E4 /* UICollectionReusableView+Extension.swift in Sources */,
				4FFCE1BE28EE854F002166E4 /* PagingSectionFooterView.swift in Sources */,
				4F20112428ED88D9008ACE52 /* Color.swift in Sources */,
				4FFCE1B828EE668B002166E4 /* LayoutTypeCell.swift in Sources */,
			);
			runOnlyForDeploymentPostprocessing = 0;
		};
/* End PBXSourcesBuildPhase section */

/* Begin PBXVariantGroup section */
		4F7D297F28EC654D000F2816 /* Main.storyboard */ = {
			isa = PBXVariantGroup;
			children = (
				4F7D298028EC654D000F2816 /* Base */,
			);
			name = Main.storyboard;
			sourceTree = "<group>";
		};
		4F7D298428EC6550000F2816 /* LaunchScreen.storyboard */ = {
			isa = PBXVariantGroup;
			children = (
				4F7D298528EC6550000F2816 /* Base */,
			);
			name = LaunchScreen.storyboard;
			sourceTree = "<group>";
		};
/* End PBXVariantGroup section */

/* Begin XCBuildConfiguration section */
		4F7D298828EC6550000F2816 /* Debug */ = {
			isa = XCBuildConfiguration;
			buildSettings = {
				ALWAYS_SEARCH_USER_PATHS = NO;
				CLANG_ANALYZER_NONNULL = YES;
				CLANG_ANALYZER_NUMBER_OBJECT_CONVERSION = YES_AGGRESSIVE;
				CLANG_CXX_LANGUAGE_STANDARD = "gnu++20";
				CLANG_ENABLE_MODULES = YES;
				CLANG_ENABLE_OBJC_ARC = YES;
				CLANG_ENABLE_OBJC_WEAK = YES;
				CLANG_WARN_BLOCK_CAPTURE_AUTORELEASING = YES;
				CLANG_WARN_BOOL_CONVERSION = YES;
				CLANG_WARN_COMMA = YES;
				CLANG_WARN_CONSTANT_CONVERSION = YES;
				CLANG_WARN_DEPRECATED_OBJC_IMPLEMENTATIONS = YES;
				CLANG_WARN_DIRECT_OBJC_ISA_USAGE = YES_ERROR;
				CLANG_WARN_DOCUMENTATION_COMMENTS = YES;
				CLANG_WARN_EMPTY_BODY = YES;
				CLANG_WARN_ENUM_CONVERSION = YES;
				CLANG_WARN_INFINITE_RECURSION = YES;
				CLANG_WARN_INT_CONVERSION = YES;
				CLANG_WARN_NON_LITERAL_NULL_CONVERSION = YES;
				CLANG_WARN_OBJC_IMPLICIT_RETAIN_SELF = YES;
				CLANG_WARN_OBJC_LITERAL_CONVERSION = YES;
				CLANG_WARN_OBJC_ROOT_CLASS = YES_ERROR;
				CLANG_WARN_QUOTED_INCLUDE_IN_FRAMEWORK_HEADER = YES;
				CLANG_WARN_RANGE_LOOP_ANALYSIS = YES;
				CLANG_WARN_STRICT_PROTOTYPES = YES;
				CLANG_WARN_SUSPICIOUS_MOVE = YES;
				CLANG_WARN_UNGUARDED_AVAILABILITY = YES_AGGRESSIVE;
				CLANG_WARN_UNREACHABLE_CODE = YES;
				CLANG_WARN__DUPLICATE_METHOD_MATCH = YES;
				COPY_PHASE_STRIP = NO;
				DEBUG_INFORMATION_FORMAT = dwarf;
				ENABLE_STRICT_OBJC_MSGSEND = YES;
				ENABLE_TESTABILITY = YES;
				GCC_C_LANGUAGE_STANDARD = gnu11;
				GCC_DYNAMIC_NO_PIC = NO;
				GCC_NO_COMMON_BLOCKS = YES;
				GCC_OPTIMIZATION_LEVEL = 0;
				GCC_PREPROCESSOR_DEFINITIONS = (
					"DEBUG=1",
					"$(inherited)",
				);
				GCC_WARN_64_TO_32_BIT_CONVERSION = YES;
				GCC_WARN_ABOUT_RETURN_TYPE = YES_ERROR;
				GCC_WARN_UNDECLARED_SELECTOR = YES;
				GCC_WARN_UNINITIALIZED_AUTOS = YES_AGGRESSIVE;
				GCC_WARN_UNUSED_FUNCTION = YES;
				GCC_WARN_UNUSED_VARIABLE = YES;
				IPHONEOS_DEPLOYMENT_TARGET = 16.0;
				MTL_ENABLE_DEBUG_INFO = INCLUDE_SOURCE;
				MTL_FAST_MATH = YES;
				ONLY_ACTIVE_ARCH = YES;
				SDKROOT = iphoneos;
				SWIFT_ACTIVE_COMPILATION_CONDITIONS = DEBUG;
				SWIFT_OPTIMIZATION_LEVEL = "-Onone";
			};
			name = Debug;
		};
		4F7D298928EC6550000F2816 /* Release */ = {
			isa = XCBuildConfiguration;
			buildSettings = {
				ALWAYS_SEARCH_USER_PATHS = NO;
				CLANG_ANALYZER_NONNULL = YES;
				CLANG_ANALYZER_NUMBER_OBJECT_CONVERSION = YES_AGGRESSIVE;
				CLANG_CXX_LANGUAGE_STANDARD = "gnu++20";
				CLANG_ENABLE_MODULES = YES;
				CLANG_ENABLE_OBJC_ARC = YES;
				CLANG_ENABLE_OBJC_WEAK = YES;
				CLANG_WARN_BLOCK_CAPTURE_AUTORELEASING = YES;
				CLANG_WARN_BOOL_CONVERSION = YES;
				CLANG_WARN_COMMA = YES;
				CLANG_WARN_CONSTANT_CONVERSION = YES;
				CLANG_WARN_DEPRECATED_OBJC_IMPLEMENTATIONS = YES;
				CLANG_WARN_DIRECT_OBJC_ISA_USAGE = YES_ERROR;
				CLANG_WARN_DOCUMENTATION_COMMENTS = YES;
				CLANG_WARN_EMPTY_BODY = YES;
				CLANG_WARN_ENUM_CONVERSION = YES;
				CLANG_WARN_INFINITE_RECURSION = YES;
				CLANG_WARN_INT_CONVERSION = YES;
				CLANG_WARN_NON_LITERAL_NULL_CONVERSION = YES;
				CLANG_WARN_OBJC_IMPLICIT_RETAIN_SELF = YES;
				CLANG_WARN_OBJC_LITERAL_CONVERSION = YES;
				CLANG_WARN_OBJC_ROOT_CLASS = YES_ERROR;
				CLANG_WARN_QUOTED_INCLUDE_IN_FRAMEWORK_HEADER = YES;
				CLANG_WARN_RANGE_LOOP_ANALYSIS = YES;
				CLANG_WARN_STRICT_PROTOTYPES = YES;
				CLANG_WARN_SUSPICIOUS_MOVE = YES;
				CLANG_WARN_UNGUARDED_AVAILABILITY = YES_AGGRESSIVE;
				CLANG_WARN_UNREACHABLE_CODE = YES;
				CLANG_WARN__DUPLICATE_METHOD_MATCH = YES;
				COPY_PHASE_STRIP = NO;
				DEBUG_INFORMATION_FORMAT = "dwarf-with-dsym";
				ENABLE_NS_ASSERTIONS = NO;
				ENABLE_STRICT_OBJC_MSGSEND = YES;
				GCC_C_LANGUAGE_STANDARD = gnu11;
				GCC_NO_COMMON_BLOCKS = YES;
				GCC_WARN_64_TO_32_BIT_CONVERSION = YES;
				GCC_WARN_ABOUT_RETURN_TYPE = YES_ERROR;
				GCC_WARN_UNDECLARED_SELECTOR = YES;
				GCC_WARN_UNINITIALIZED_AUTOS = YES_AGGRESSIVE;
				GCC_WARN_UNUSED_FUNCTION = YES;
				GCC_WARN_UNUSED_VARIABLE = YES;
				IPHONEOS_DEPLOYMENT_TARGET = 16.0;
				MTL_ENABLE_DEBUG_INFO = NO;
				MTL_FAST_MATH = YES;
				SDKROOT = iphoneos;
				SWIFT_COMPILATION_MODE = wholemodule;
				SWIFT_OPTIMIZATION_LEVEL = "-O";
				VALIDATE_PRODUCT = YES;
			};
			name = Release;
		};
		4F7D298B28EC6550000F2816 /* Debug */ = {
			isa = XCBuildConfiguration;
			buildSettings = {
				ASSETCATALOG_COMPILER_APPICON_NAME = AppIcon;
				ASSETCATALOG_COMPILER_GLOBAL_ACCENT_COLOR_NAME = AccentColor;
				CODE_SIGN_STYLE = Automatic;
				CURRENT_PROJECT_VERSION = 1;
				DEVELOPMENT_TEAM = 6U2TAM5353;
				GENERATE_INFOPLIST_FILE = YES;
				INFOPLIST_FILE = "DiffableDataSource Demo/Info.plist";
				INFOPLIST_KEY_UIApplicationSupportsIndirectInputEvents = YES;
				INFOPLIST_KEY_UILaunchStoryboardName = LaunchScreen;
				INFOPLIST_KEY_UIMainStoryboardFile = Main;
				INFOPLIST_KEY_UISupportedInterfaceOrientations_iPad = "UIInterfaceOrientationPortrait UIInterfaceOrientationPortraitUpsideDown UIInterfaceOrientationLandscapeLeft UIInterfaceOrientationLandscapeRight";
				INFOPLIST_KEY_UISupportedInterfaceOrientations_iPhone = "UIInterfaceOrientationPortrait UIInterfaceOrientationLandscapeLeft UIInterfaceOrientationLandscapeRight";
				LD_RUNPATH_SEARCH_PATHS = (
					"$(inherited)",
					"@executable_path/Frameworks",
				);
				MARKETING_VERSION = 1.0;
				PRODUCT_BUNDLE_IDENTIFIER = "com.krauserhuang.DiffableDataSource-Demo";
				PRODUCT_NAME = "$(TARGET_NAME)";
				SWIFT_EMIT_LOC_STRINGS = YES;
				SWIFT_VERSION = 5.0;
				TARGETED_DEVICE_FAMILY = "1,2";
			};
			name = Debug;
		};
		4F7D298C28EC6550000F2816 /* Release */ = {
			isa = XCBuildConfiguration;
			buildSettings = {
				ASSETCATALOG_COMPILER_APPICON_NAME = AppIcon;
				ASSETCATALOG_COMPILER_GLOBAL_ACCENT_COLOR_NAME = AccentColor;
				CODE_SIGN_STYLE = Automatic;
				CURRENT_PROJECT_VERSION = 1;
				DEVELOPMENT_TEAM = 6U2TAM5353;
				GENERATE_INFOPLIST_FILE = YES;
				INFOPLIST_FILE = "DiffableDataSource Demo/Info.plist";
				INFOPLIST_KEY_UIApplicationSupportsIndirectInputEvents = YES;
				INFOPLIST_KEY_UILaunchStoryboardName = LaunchScreen;
				INFOPLIST_KEY_UIMainStoryboardFile = Main;
				INFOPLIST_KEY_UISupportedInterfaceOrientations_iPad = "UIInterfaceOrientationPortrait UIInterfaceOrientationPortraitUpsideDown UIInterfaceOrientationLandscapeLeft UIInterfaceOrientationLandscapeRight";
				INFOPLIST_KEY_UISupportedInterfaceOrientations_iPhone = "UIInterfaceOrientationPortrait UIInterfaceOrientationLandscapeLeft UIInterfaceOrientationLandscapeRight";
				LD_RUNPATH_SEARCH_PATHS = (
					"$(inherited)",
					"@executable_path/Frameworks",
				);
				MARKETING_VERSION = 1.0;
				PRODUCT_BUNDLE_IDENTIFIER = "com.krauserhuang.DiffableDataSource-Demo";
				PRODUCT_NAME = "$(TARGET_NAME)";
				SWIFT_EMIT_LOC_STRINGS = YES;
				SWIFT_VERSION = 5.0;
				TARGETED_DEVICE_FAMILY = "1,2";
			};
			name = Release;
		};
/* End XCBuildConfiguration section */

/* Begin XCConfigurationList section */
		4F7D297128EC654D000F2816 /* Build configuration list for PBXProject "DiffableDataSource Demo" */ = {
			isa = XCConfigurationList;
			buildConfigurations = (
				4F7D298828EC6550000F2816 /* Debug */,
				4F7D298928EC6550000F2816 /* Release */,
			);
			defaultConfigurationIsVisible = 0;
			defaultConfigurationName = Release;
		};
		4F7D298A28EC6550000F2816 /* Build configuration list for PBXNativeTarget "DiffableDataSource Demo" */ = {
			isa = XCConfigurationList;
			buildConfigurations = (
				4F7D298B28EC6550000F2816 /* Debug */,
				4F7D298C28EC6550000F2816 /* Release */,
			);
			defaultConfigurationIsVisible = 0;
			defaultConfigurationName = Release;
		};
/* End XCConfigurationList section */
	};
	rootObject = 4F7D296E28EC654D000F2816 /* Project object */;
}
